{
    "version": 3,
    "terraform_version": "0.10.5",
    "serial": 16,
    "lineage": "37a4bd07-89c2-4959-a3b3-c8531d290927",
    "modules": [
        {
            "path": [
                "root"
            ],
            "outputs": {},
            "resources": {
                "aws_dynamodb_table.subscribers-table": {
                    "type": "aws_dynamodb_table",
                    "depends_on": [],
                    "primary": {
                        "id": "Subscribers",
                        "attributes": {
                            "arn": "arn:aws:dynamodb:us-east-1:064995056855:table/Subscribers",
                            "attribute.#": "2",
                            "attribute.1750554416.name": "Phone",
                            "attribute.1750554416.type": "S",
                            "attribute.3773560635.name": "OrdersCount",
                            "attribute.3773560635.type": "N",
                            "global_secondary_index.#": "0",
                            "hash_key": "Phone",
                            "id": "Subscribers",
                            "local_secondary_index.#": "0",
                            "name": "Subscribers",
                            "range_key": "OrdersCount",
                            "read_capacity": "1",
                            "write_capacity": "1"
                        },
                        "meta": {
                            "schema_version": "1"
                        },
                        "tainted": false
                    },
                    "deposed": [],
                    "provider": ""
                },
                "aws_route53_record.alias": {
                    "type": "aws_route53_record",
                    "depends_on": [
                        "aws_route53_zone.elcarritofoods",
                        "aws_s3_bucket.website",
                        "local.domain"
                    ],
                    "primary": {
                        "id": "ZQALBNN21XR6C_dev.elcarritofoods.com_A",
                        "attributes": {
                            "alias.#": "1",
                            "alias.3804557109.evaluate_target_health": "true",
                            "alias.3804557109.name": "s3-website-us-east-1.amazonaws.com",
                            "alias.3804557109.zone_id": "Z3AQBSTGFYJSTF",
                            "fqdn": "dev.elcarritofoods.com",
                            "health_check_id": "",
                            "id": "ZQALBNN21XR6C_dev.elcarritofoods.com_A",
                            "name": "dev.elcarritofoods.com",
                            "records.#": "0",
                            "set_identifier": "",
                            "ttl": "0",
                            "type": "A",
                            "zone_id": "ZQALBNN21XR6C"
                        },
                        "meta": {
                            "schema_version": "2"
                        },
                        "tainted": false
                    },
                    "deposed": [],
                    "provider": ""
                },
                "aws_route53_record.dkim": {
                    "type": "aws_route53_record",
                    "depends_on": [
                        "aws_route53_zone.elcarritofoods"
                    ],
                    "primary": {
                        "id": "ZQALBNN21XR6C_zoho._domainkey.elcarritofoods.com._TXT",
                        "attributes": {
                            "fqdn": "zoho._domainkey.elcarritofoods.com",
                            "health_check_id": "",
                            "id": "ZQALBNN21XR6C_zoho._domainkey.elcarritofoods.com._TXT",
                            "name": "zoho._domainkey.elcarritofoods.com",
                            "records.#": "1",
                            "records.1974212660": "v=DKIM1; k=rsa; p=MIGfMA0GCSqGSIb3DQEBAQUAA4GNADCBiQKBgQCczCTcvn3UYa3y91w4ajeMMGhOEp2gcwpY3rRoLlj2ms6RAAuRgu06FIAL06MH6ZrQAFxiXWt9KKWA1qsxLq1vOQG/q544CSWP6HE9HLtWBFImImzw8vTgJsrVAVAzTrtHwH39b9loD5ntSLVrErkpaF2mjRdp/j6QXY+zK7lwnwIDAQAB",
                            "set_identifier": "",
                            "ttl": "14400",
                            "type": "TXT",
                            "zone_id": "ZQALBNN21XR6C"
                        },
                        "meta": {
                            "schema_version": "2"
                        },
                        "tainted": false
                    },
                    "deposed": [],
                    "provider": ""
                },
                "aws_route53_record.mail": {
                    "type": "aws_route53_record",
                    "depends_on": [
                        "aws_route53_zone.elcarritofoods"
                    ],
                    "primary": {
                        "id": "ZQALBNN21XR6C_elcarritofoods.com._MX",
                        "attributes": {
                            "fqdn": "elcarritofoods.com",
                            "health_check_id": "",
                            "id": "ZQALBNN21XR6C_elcarritofoods.com._MX",
                            "name": "elcarritofoods.com",
                            "records.#": "2",
                            "records.2826352310": "10 mx.zoho.com",
                            "records.465752708": "20 mx2.zoho.com",
                            "set_identifier": "",
                            "ttl": "14400",
                            "type": "MX",
                            "zone_id": "ZQALBNN21XR6C"
                        },
                        "meta": {
                            "schema_version": "2"
                        },
                        "tainted": false
                    },
                    "deposed": [],
                    "provider": ""
                },
                "aws_route53_record.secret-alias": {
                    "type": "aws_route53_record",
                    "depends_on": [
                        "aws_route53_zone.elcarritofoods",
                        "aws_s3_bucket.secret-website"
                    ],
                    "primary": {
                        "id": "ZQALBNN21XR6C_secret_A",
                        "attributes": {
                            "alias.#": "1",
                            "alias.3804557109.evaluate_target_health": "true",
                            "alias.3804557109.name": "s3-website-us-east-1.amazonaws.com",
                            "alias.3804557109.zone_id": "Z3AQBSTGFYJSTF",
                            "fqdn": "secret.elcarritofoods.com",
                            "health_check_id": "",
                            "id": "ZQALBNN21XR6C_secret_A",
                            "name": "secret",
                            "records.#": "0",
                            "set_identifier": "",
                            "ttl": "0",
                            "type": "A",
                            "zone_id": "ZQALBNN21XR6C"
                        },
                        "meta": {
                            "schema_version": "2"
                        },
                        "tainted": false
                    },
                    "deposed": [],
                    "provider": ""
                },
                "aws_route53_record.spf": {
                    "type": "aws_route53_record",
                    "depends_on": [
                        "aws_route53_zone.elcarritofoods"
                    ],
                    "primary": {
                        "id": "ZQALBNN21XR6C_elcarritofoods.com._TXT",
                        "attributes": {
                            "fqdn": "elcarritofoods.com",
                            "health_check_id": "",
                            "id": "ZQALBNN21XR6C_elcarritofoods.com._TXT",
                            "name": "elcarritofoods.com",
                            "records.#": "1",
                            "records.953753073": "v=spf1 include:zoho.com ~all",
                            "set_identifier": "",
                            "ttl": "14400",
                            "type": "TXT",
                            "zone_id": "ZQALBNN21XR6C"
                        },
                        "meta": {
                            "schema_version": "2"
                        },
                        "tainted": false
                    },
                    "deposed": [],
                    "provider": ""
                },
                "aws_route53_record.www": {
                    "type": "aws_route53_record",
                    "depends_on": [
                        "aws_route53_zone.elcarritofoods",
                        "local.domain"
                    ],
                    "primary": {
                        "id": "ZQALBNN21XR6C_www.dev_CNAME",
                        "attributes": {
                            "fqdn": "www.dev.elcarritofoods.com",
                            "health_check_id": "",
                            "id": "ZQALBNN21XR6C_www.dev_CNAME",
                            "name": "www.dev",
                            "records.#": "1",
                            "records.147790780": "dev.elcarritofoods.com",
                            "set_identifier": "",
                            "ttl": "14400",
                            "type": "CNAME",
                            "zone_id": "ZQALBNN21XR6C"
                        },
                        "meta": {
                            "schema_version": "2"
                        },
                        "tainted": false
                    },
                    "deposed": [],
                    "provider": ""
                },
                "aws_route53_record.www-secret": {
                    "type": "aws_route53_record",
                    "depends_on": [
                        "aws_route53_zone.elcarritofoods",
                        "aws_s3_bucket.secret-website_www"
                    ],
                    "primary": {
                        "id": "ZQALBNN21XR6C_www.secret_CNAME",
                        "attributes": {
                            "fqdn": "www.secret.elcarritofoods.com",
                            "health_check_id": "",
                            "id": "ZQALBNN21XR6C_www.secret_CNAME",
                            "name": "www.secret",
                            "records.#": "1",
                            "records.3440231085": "s3-website-us-east-1.amazonaws.com",
                            "set_identifier": "",
                            "ttl": "14400",
                            "type": "CNAME",
                            "zone_id": "ZQALBNN21XR6C"
                        },
                        "meta": {
                            "schema_version": "2"
                        },
                        "tainted": false
                    },
                    "deposed": [],
                    "provider": ""
                },
                "aws_route53_record.zoho": {
                    "type": "aws_route53_record",
                    "depends_on": [
                        "aws_route53_zone.elcarritofoods"
                    ],
                    "primary": {
                        "id": "ZQALBNN21XR6C_zb14953803.elcarritofoods.com._CNAME",
                        "attributes": {
                            "fqdn": "zb14953803.elcarritofoods.com",
                            "health_check_id": "",
                            "id": "ZQALBNN21XR6C_zb14953803.elcarritofoods.com._CNAME",
                            "name": "zb14953803.elcarritofoods.com",
                            "records.#": "1",
                            "records.1883827995": "zmverify.zoho.com",
                            "set_identifier": "",
                            "ttl": "300",
                            "type": "CNAME",
                            "zone_id": "ZQALBNN21XR6C"
                        },
                        "meta": {
                            "schema_version": "2"
                        },
                        "tainted": false
                    },
                    "deposed": [],
                    "provider": ""
                },
                "aws_route53_zone.elcarritofoods": {
                    "type": "aws_route53_zone",
                    "depends_on": [],
                    "primary": {
                        "id": "ZQALBNN21XR6C",
                        "attributes": {
                            "comment": "Managed by Terraform",
                            "force_destroy": "false",
                            "id": "ZQALBNN21XR6C",
                            "name": "elcarritofoods.com.",
                            "name_servers.#": "4",
                            "name_servers.0": "ns-1508.awsdns-60.org",
                            "name_servers.1": "ns-1714.awsdns-22.co.uk",
                            "name_servers.2": "ns-380.awsdns-47.com",
                            "name_servers.3": "ns-921.awsdns-51.net",
                            "tags.%": "0",
                            "zone_id": "ZQALBNN21XR6C"
                        },
                        "meta": {},
                        "tainted": false
                    },
                    "deposed": [],
                    "provider": ""
                },
                "aws_s3_bucket.lambdas": {
                    "type": "aws_s3_bucket",
                    "depends_on": [],
                    "primary": {
                        "id": "elcarritofoods-lambdas",
                        "attributes": {
                            "acceleration_status": "",
                            "acl": "private",
                            "arn": "arn:aws:s3:::elcarritofoods-lambdas",
                            "bucket": "elcarritofoods-lambdas",
                            "bucket_domain_name": "elcarritofoods-lambdas.s3.amazonaws.com",
                            "force_destroy": "false",
                            "hosted_zone_id": "Z3AQBSTGFYJSTF",
                            "id": "elcarritofoods-lambdas",
                            "logging.#": "0",
                            "region": "us-east-1",
                            "request_payer": "BucketOwner",
                            "tags.%": "0",
                            "versioning.#": "1",
                            "versioning.0.enabled": "false",
                            "versioning.0.mfa_delete": "false",
                            "website.#": "0"
                        },
                        "meta": {},
                        "tainted": false
                    },
                    "deposed": [],
                    "provider": ""
                },
                "aws_s3_bucket.log_bucket": {
                    "type": "aws_s3_bucket",
                    "depends_on": [],
                    "primary": {
                        "id": "elcarritofoods-logs",
                        "attributes": {
                            "acceleration_status": "",
                            "acl": "log-delivery-write",
                            "arn": "arn:aws:s3:::elcarritofoods-logs",
                            "bucket": "elcarritofoods-logs",
                            "bucket_domain_name": "elcarritofoods-logs.s3.amazonaws.com",
                            "force_destroy": "false",
                            "hosted_zone_id": "Z3AQBSTGFYJSTF",
                            "id": "elcarritofoods-logs",
                            "logging.#": "0",
                            "region": "us-east-1",
                            "request_payer": "BucketOwner",
                            "tags.%": "0",
                            "versioning.#": "1",
                            "versioning.0.enabled": "false",
                            "versioning.0.mfa_delete": "false",
                            "website.#": "0"
                        },
                        "meta": {},
                        "tainted": false
                    },
                    "deposed": [],
                    "provider": ""
                },
                "aws_s3_bucket.secret-website": {
                    "type": "aws_s3_bucket",
                    "depends_on": [],
                    "primary": {
                        "id": "secret.elcarritofoods.com",
                        "attributes": {
                            "acceleration_status": "",
                            "acl": "public-read",
                            "arn": "arn:aws:s3:::secret.elcarritofoods.com",
                            "bucket": "secret.elcarritofoods.com",
                            "bucket_domain_name": "secret.elcarritofoods.com.s3.amazonaws.com",
                            "force_destroy": "false",
                            "hosted_zone_id": "Z3AQBSTGFYJSTF",
                            "id": "secret.elcarritofoods.com",
                            "logging.#": "0",
                            "region": "us-east-1",
                            "request_payer": "BucketOwner",
                            "tags.%": "0",
                            "versioning.#": "1",
                            "versioning.0.enabled": "false",
                            "versioning.0.mfa_delete": "false",
                            "website.#": "1",
                            "website.0.error_document": "",
                            "website.0.index_document": "index.html",
                            "website.0.redirect_all_requests_to": "",
                            "website.0.routing_rules": "",
                            "website_domain": "s3-website-us-east-1.amazonaws.com",
                            "website_endpoint": "secret.elcarritofoods.com.s3-website-us-east-1.amazonaws.com"
                        },
                        "meta": {},
                        "tainted": false
                    },
                    "deposed": [],
                    "provider": ""
                },
                "aws_s3_bucket.secret-website_www": {
                    "type": "aws_s3_bucket",
                    "depends_on": [
                        "aws_s3_bucket.secret-website"
                    ],
                    "primary": {
                        "id": "www.secret.elcarritofoods.com",
                        "attributes": {
                            "acceleration_status": "",
                            "acl": "public-read",
                            "arn": "arn:aws:s3:::www.secret.elcarritofoods.com",
                            "bucket": "www.secret.elcarritofoods.com",
                            "bucket_domain_name": "www.secret.elcarritofoods.com.s3.amazonaws.com",
                            "force_destroy": "false",
                            "hosted_zone_id": "Z3AQBSTGFYJSTF",
                            "id": "www.secret.elcarritofoods.com",
                            "logging.#": "0",
                            "region": "us-east-1",
                            "request_payer": "BucketOwner",
                            "tags.%": "0",
                            "versioning.#": "1",
                            "versioning.0.enabled": "false",
                            "versioning.0.mfa_delete": "false",
                            "website.#": "1",
                            "website.0.error_document": "",
                            "website.0.index_document": "",
                            "website.0.redirect_all_requests_to": "s3-website-us-east-1.amazonaws.com",
                            "website.0.routing_rules": "",
                            "website_domain": "s3-website-us-east-1.amazonaws.com",
                            "website_endpoint": "www.secret.elcarritofoods.com.s3-website-us-east-1.amazonaws.com"
                        },
                        "meta": {},
                        "tainted": false
                    },
                    "deposed": [],
                    "provider": ""
                },
                "aws_s3_bucket.website": {
                    "type": "aws_s3_bucket",
                    "depends_on": [
                        "local.domain"
                    ],
                    "primary": {
                        "id": "dev.elcarritofoods.com",
                        "attributes": {
                            "acceleration_status": "",
                            "acl": "public-read",
                            "arn": "arn:aws:s3:::dev.elcarritofoods.com",
                            "bucket": "dev.elcarritofoods.com",
                            "bucket_domain_name": "dev.elcarritofoods.com.s3.amazonaws.com",
                            "force_destroy": "false",
                            "hosted_zone_id": "Z3AQBSTGFYJSTF",
                            "id": "dev.elcarritofoods.com",
                            "logging.#": "0",
                            "region": "us-east-1",
                            "request_payer": "BucketOwner",
                            "tags.%": "0",
                            "versioning.#": "1",
                            "versioning.0.enabled": "false",
                            "versioning.0.mfa_delete": "false",
                            "website.#": "1",
                            "website.0.error_document": "",
                            "website.0.index_document": "index.html",
                            "website.0.redirect_all_requests_to": "",
                            "website.0.routing_rules": "",
                            "website_domain": "s3-website-us-east-1.amazonaws.com",
                            "website_endpoint": "dev.elcarritofoods.com.s3-website-us-east-1.amazonaws.com"
                        },
                        "meta": {},
                        "tainted": false
                    },
                    "deposed": [],
                    "provider": ""
                },
                "aws_s3_bucket.website_www": {
                    "type": "aws_s3_bucket",
                    "depends_on": [
                        "local.domain",
                        "local.domain_www"
                    ],
                    "primary": {
                        "id": "www.dev.elcarritofoods.com",
                        "attributes": {
                            "acceleration_status": "",
                            "acl": "public-read",
                            "arn": "arn:aws:s3:::www.dev.elcarritofoods.com",
                            "bucket": "www.dev.elcarritofoods.com",
                            "bucket_domain_name": "www.dev.elcarritofoods.com.s3.amazonaws.com",
                            "force_destroy": "false",
                            "hosted_zone_id": "Z3AQBSTGFYJSTF",
                            "id": "www.dev.elcarritofoods.com",
                            "logging.#": "0",
                            "region": "us-east-1",
                            "request_payer": "BucketOwner",
                            "tags.%": "0",
                            "versioning.#": "1",
                            "versioning.0.enabled": "false",
                            "versioning.0.mfa_delete": "false",
                            "website.#": "1",
                            "website.0.error_document": "",
                            "website.0.index_document": "",
                            "website.0.redirect_all_requests_to": "dev.elcarritofoods.com",
                            "website.0.routing_rules": "",
                            "website_domain": "s3-website-us-east-1.amazonaws.com",
                            "website_endpoint": "www.dev.elcarritofoods.com.s3-website-us-east-1.amazonaws.com"
                        },
                        "meta": {},
                        "tainted": false
                    },
                    "deposed": [],
                    "provider": ""
                }
            },
            "depends_on": []
        }
    ]
}
